
Microsoft Visual Studio Solution File, Format Version 12.00
# Visual Studio Version 16
VisualStudioVersion = 25.0.1703.2
MinimumVisualStudioVersion = 10.0.40219.1
Project("{FAE04EC0-301F-11D3-BF4B-00C04F79EFBC}") = "CongestionTaxCalculator", "CongestionTaxCalculator\CongestionTaxCalculator.csproj", "{FD4ECE4B-2C14-4542-BC4B-A54C61DE1D87}"
EndProject
Global
	GlobalSection(SolutionConfigurationPlatforms) = preSolution
		Debug|Any CPU = Debug|Any CPU
		Release|Any CPU = Release|Any CPU
	EndGlobalSection
	GlobalSection(ProjectConfigurationPlatforms) = postSolution
		{FD4ECE4B-2C14-4542-BC4B-A54C61DE1D87}.Debug|Any CPU.ActiveCfg = Debug|Any CPU
		{FD4ECE4B-2C14-4542-BC4B-A54C61DE1D87}.Debug|Any CPU.Build.0 = Debug|Any CPU
		{FD4ECE4B-2C14-4542-BC4B-A54C61DE1D87}.Release|Any CPU.ActiveCfg = Release|Any CPU
		{FD4ECE4B-2C14-4542-BC4B-A54C61DE1D87}.Release|Any CPU.Build.0 = Release|Any CPU
	EndGlobalSection
	GlobalSection(SolutionProperties) = preSolution
		HideSolutionNode = FALSE
	EndGlobalSection
	GlobalSection(ExtensibilityGlobals) = postSolution
		SolutionGuid = {2648852D-A3A4-4A2B-A37D-F8AC223ACA85}
	EndGlobalSection
EndGlobal
